// !$*UTF8*$!
{
	archiveVersion = 1;
	classes = {
	};
	objectVersion = 56;
	objects = {

/* Begin PBXBuildFile section */
		C77000000000000000000001 /* AppDelegate.swift in Sources */ = {isa = PBXBuildFile; fileRef = C77000000000000000000002; };
		C77000000000000000000003 /* SetupViewController.swift in Sources */ = {isa = PBXBuildFile; fileRef = C77000000000000000000004; };
		C77000000000000000000005 /* KeyboardViewController.swift in Sources */ = {isa = PBXBuildFile; fileRef = C77000000000000000000006; };
		C77000000000000000000007 /* KeyKey.db in Resources */ = {isa = PBXBuildFile; fileRef = C77000000000000000000008; };
		C77000000000000000000009 /* Keyboard.appex in Embed Foundation Extensions */ = {isa = PBXBuildFile; fileRef = C7700000000000000000000A; settings = {ATTRIBUTES = (RemoveHeadersOnCopy, ); }; };
		C7700000000000000000000B /* KeyKeyEngine in Frameworks */ = {isa = PBXBuildFile; productRef = C7700000000000000000000C; };
		C7700000000000000000000D /* KeyKeyEngine in Frameworks */ = {isa = PBXBuildFile; productRef = C7700000000000000000000E; };
		C77000000000000000000031 /* KeyboardView.swift in Sources */ = {isa = PBXBuildFile; fileRef = C77000000000000000000030; };
		C77000000000000000000035 /* SettingsPanel.swift in Sources */ = {isa = PBXBuildFile; fileRef = C77000000000000000000034; };
		C77000000000000000000037 /* Palette.swift in Sources */ = {isa = PBXBuildFile; fileRef = C77000000000000000000036; };
		C77000000000000000000039 /* EnterGlyph.swift in Sources */ = {isa = PBXBuildFile; fileRef = C77000000000000000000038; };
		C7700000000000000000003C /* Assets.xcassets in Resources */ = {isa = PBXBuildFile; fileRef = C7700000000000000000003B; };
		C7700000000000000000003E /* PrivacyInfo.xcprivacy in Resources */ = {isa = PBXBuildFile; fileRef = C7700000000000000000003D; };
		C77000000000000000000040 /* PrivacyInfo.xcprivacy in Resources */ = {isa = PBXBuildFile; fileRef = C7700000000000000000003F; };
/* End PBXBuildFile section */

/* Begin PBXCopyFilesBuildPhase section */
		C7700000000000000000000F /* Embed Foundation Extensions */ = {
			isa = PBXCopyFilesBuildPhase;
			buildActionMask = 2147483647;
			dstPath = "";
			dstSubfolderSpec = 13;
			files = (
				C77000000000000000000009 /* Keyboard.appex in Embed Foundation Extensions */,
			);
			name = "Embed Foundation Extensions";
			runOnlyForDeploymentPostprocessing = 0;
		};
/* End PBXCopyFilesBuildPhase section */

/* Begin PBXFileReference section */
		C77000000000000000000002 /* AppDelegate.swift */ = {isa = PBXFileReference; lastKnownFileType = sourcecode.swift; path = AppDelegate.swift; sourceTree = "<group>"; };
		C77000000000000000000004 /* SetupViewController.swift */ = {isa = PBXFileReference; lastKnownFileType = sourcecode.swift; path = SetupViewController.swift; sourceTree = "<group>"; };
		C77000000000000000000006 /* KeyboardViewController.swift */ = {isa = PBXFileReference; lastKnownFileType = sourcecode.swift; path = KeyboardViewController.swift; sourceTree = "<group>"; };
		C77000000000000000000010 /* Info.plist */ = {isa = PBXFileReference; lastKnownFileType = text.plist.xml; path = Info.plist; sourceTree = "<group>"; };
		C77000000000000000000011 /* Info.plist */ = {isa = PBXFileReference; lastKnownFileType = text.plist.xml; path = Info.plist; sourceTree = "<group>"; };
		C77000000000000000000008 /* KeyKey.db */ = {isa = PBXFileReference; lastKnownFileType = file; name = KeyKey.db; path = "../../Distributions/Takao/CookedDatabase/KeyKey.db"; sourceTree = "<group>"; };
		C77000000000000000000012 /* chichi77 KeyKey.app */ = {isa = PBXFileReference; explicitFileType = wrapper.application; includeInIndex = 0; path = "chichi77 KeyKey.app"; sourceTree = BUILT_PRODUCTS_DIR; };
		C7700000000000000000000A /* Keyboard.appex */ = {isa = PBXFileReference; explicitFileType = "wrapper.app-extension"; includeInIndex = 0; path = Keyboard.appex; sourceTree = BUILT_PRODUCTS_DIR; };
		C77000000000000000000030 /* KeyboardView.swift */ = {isa = PBXFileReference; lastKnownFileType = sourcecode.swift; path = KeyboardView.swift; sourceTree = "<group>"; };
		C77000000000000000000034 /* SettingsPanel.swift */ = {isa = PBXFileReference; lastKnownFileType = sourcecode.swift; path = SettingsPanel.swift; sourceTree = "<group>"; };
		C77000000000000000000036 /* Palette.swift */ = {isa = PBXFileReference; lastKnownFileType = sourcecode.swift; path = Palette.swift; sourceTree = "<group>"; };
		C77000000000000000000038 /* EnterGlyph.swift */ = {isa = PBXFileReference; lastKnownFileType = sourcecode.swift; path = EnterGlyph.swift; sourceTree = "<group>"; };
		C7700000000000000000003B /* Assets.xcassets */ = {isa = PBXFileReference; lastKnownFileType = folder.assetcatalog; path = Assets.xcassets; sourceTree = "<group>"; };
		C7700000000000000000003D /* PrivacyInfo.xcprivacy */ = {isa = PBXFileReference; lastKnownFileType = text.plist.xml; path = PrivacyInfo.xcprivacy; sourceTree = "<group>"; };
		C7700000000000000000003F /* PrivacyInfo.xcprivacy */ = {isa = PBXFileReference; lastKnownFileType = text.plist.xml; path = PrivacyInfo.xcprivacy; sourceTree = "<group>"; };
/* End PBXFileReference section */

/* Begin PBXFrameworksBuildPhase section */
		C77000000000000000000013 /* Frameworks */ = {
			isa = PBXFrameworksBuildPhase;
			buildActionMask = 2147483647;
			files = (
				C7700000000000000000000B /* KeyKeyEngine in Frameworks */,
			);
			runOnlyForDeploymentPostprocessing = 0;
		};
		C77000000000000000000014 /* Frameworks */ = {
			isa = PBXFrameworksBuildPhase;
			buildActionMask = 2147483647;
			files = (
				C7700000000000000000000D /* KeyKeyEngine in Frameworks */,
			);
			runOnlyForDeploymentPostprocessing = 0;
		};
/* End PBXFrameworksBuildPhase section */

/* Begin PBXGroup section */
		C77000000000000000000015 = {
			isa = PBXGroup;
			children = (
				C77000000000000000000016 /* ContainerApp */,
				C77000000000000000000017 /* Keyboard */,
				C77000000000000000000018 /* Databases */,
				C77000000000000000000019 /* Products */,
			);
			sourceTree = "<group>";
		};
		C77000000000000000000016 /* ContainerApp */ = {
			isa = PBXGroup;
			children = (
				C77000000000000000000002 /* AppDelegate.swift */,
				C77000000000000000000004 /* SetupViewController.swift */,
				C77000000000000000000010 /* Info.plist */,
				C7700000000000000000003B /* Assets.xcassets */,
				C7700000000000000000003D /* PrivacyInfo.xcprivacy */,
			);
			path = ContainerApp;
			sourceTree = "<group>";
		};
		C77000000000000000000017 /* Keyboard */ = {
			isa = PBXGroup;
			children = (
				C77000000000000000000030 /* KeyboardView.swift */,
				C77000000000000000000036 /* Palette.swift */,
				C77000000000000000000038 /* EnterGlyph.swift */,
				C77000000000000000000034 /* SettingsPanel.swift */,
				C77000000000000000000006 /* KeyboardViewController.swift */,
				C77000000000000000000011 /* Info.plist */,
				C7700000000000000000003F /* PrivacyInfo.xcprivacy */,
			);
			path = Keyboard;
			sourceTree = "<group>";
		};
		C77000000000000000000018 /* Databases */ = {
			isa = PBXGroup;
			children = (
				C77000000000000000000008 /* KeyKey.db */,
			);
			name = Databases;
			sourceTree = "<group>";
		};
		C77000000000000000000019 /* Products */ = {
			isa = PBXGroup;
			children = (
				C77000000000000000000012 /* chichi77 KeyKey.app */,
				C7700000000000000000000A /* Keyboard.appex */,
			);
			name = Products;
			sourceTree = "<group>";
		};
/* End PBXGroup section */

/* Begin PBXNativeTarget section */
		C7700000000000000000001A /* chichi77 KeyKey */ = {
			isa = PBXNativeTarget;
			buildConfigurationList = C7700000000000000000001B;
			buildPhases = (
				C7700000000000000000001C /* Sources */,
				C77000000000000000000013 /* Frameworks */,
				C7700000000000000000003A /* Resources */,
				C7700000000000000000000F /* Embed Foundation Extensions */,
			);
			buildRules = (
			);
			dependencies = (
				C7700000000000000000001D /* PBXTargetDependency */,
			);
			name = "chichi77 KeyKey";
			packageProductDependencies = (
				C7700000000000000000000C /* KeyKeyEngine */,
			);
			productName = "chichi77 KeyKey";
			productReference = C77000000000000000000012 /* chichi77 KeyKey.app */;
			productType = "com.apple.product-type.application";
		};
		C7700000000000000000001E /* Keyboard */ = {
			isa = PBXNativeTarget;
			buildConfigurationList = C7700000000000000000001F;
			buildPhases = (
				C77000000000000000000020 /* Sources */,
				C77000000000000000000014 /* Frameworks */,
				C77000000000000000000021 /* Resources */,
			);
			buildRules = (
			);
			dependencies = (
			);
			name = Keyboard;
			packageProductDependencies = (
				C7700000000000000000000E /* KeyKeyEngine */,
			);
			productName = Keyboard;
			productReference = C7700000000000000000000A /* Keyboard.appex */;
			productType = "com.apple.product-type.app-extension";
		};
/* End PBXNativeTarget section */

/* Begin PBXProject section */
		C77000000000000000000022 /* Project object */ = {
			isa = PBXProject;
			attributes = {
				BuildIndependentTargetsInParallel = 1;
				LastSwiftUpdateCheck = 2660;
				LastUpgradeCheck = 2660;
				TargetAttributes = {
					C7700000000000000000001A = {
						CreatedOnToolsVersion = 26.6;
					};
					C7700000000000000000001E = {
						CreatedOnToolsVersion = 26.6;
					};
				};
			};
			buildConfigurationList = C77000000000000000000023;
			developmentRegion = zh_TW;
			hasScannedForEncodings = 0;
			knownRegions = (
				zh_TW,
				Base,
			);
			mainGroup = C77000000000000000000015;
			packageReferences = (
				C77000000000000000000024 /* XCLocalSwiftPackageReference "KeyKeyEngine" */,
			);
			productRefGroup = C77000000000000000000019 /* Products */;
			projectDirPath = "";
			projectRoot = "";
			targets = (
				C7700000000000000000001A /* chichi77 KeyKey */,
				C7700000000000000000001E /* Keyboard */,
			);
		};
/* End PBXProject section */

/* Begin PBXResourcesBuildPhase section */
		C7700000000000000000003A /* Resources */ = {
			isa = PBXResourcesBuildPhase;
			buildActionMask = 2147483647;
			files = (
				C7700000000000000000003C /* Assets.xcassets in Resources */,
				C7700000000000000000003E /* PrivacyInfo.xcprivacy in Resources */,
			);
			runOnlyForDeploymentPostprocessing = 0;
		};
		C77000000000000000000021 /* Resources */ = {
			isa = PBXResourcesBuildPhase;
			buildActionMask = 2147483647;
			files = (
				C77000000000000000000007 /* KeyKey.db in Resources */,
				C77000000000000000000040 /* PrivacyInfo.xcprivacy in Resources */,
			);
			runOnlyForDeploymentPostprocessing = 0;
		};
/* End PBXResourcesBuildPhase section */

/* Begin PBXSourcesBuildPhase section */
		C7700000000000000000001C /* Sources */ = {
			isa = PBXSourcesBuildPhase;
			buildActionMask = 2147483647;
			files = (
				C77000000000000000000001 /* in Sources */,
				C77000000000000000000003 /* in Sources */,
			);
			runOnlyForDeploymentPostprocessing = 0;
		};
		C77000000000000000000020 /* Sources */ = {
			isa = PBXSourcesBuildPhase;
			buildActionMask = 2147483647;
			files = (
				C77000000000000000000005 /* in Sources */,
				C77000000000000000000031 /* KeyboardView.swift in Sources */,
				C77000000000000000000037 /* Palette.swift in Sources */,
				C77000000000000000000039 /* EnterGlyph.swift in Sources */,
				C77000000000000000000035 /* SettingsPanel.swift in Sources */,
			);
			runOnlyForDeploymentPostprocessing = 0;
		};
/* End PBXSourcesBuildPhase section */

/* Begin PBXTargetDependency section */
		C7700000000000000000001D /* PBXTargetDependency */ = {
			isa = PBXTargetDependency;
			target = C7700000000000000000001E /* Keyboard */;
			targetProxy = C77000000000000000000025 /* PBXContainerItemProxy */;
		};
/* End PBXTargetDependency section */

/* Begin PBXContainerItemProxy section */
		C77000000000000000000025 /* PBXContainerItemProxy */ = {
			isa = PBXContainerItemProxy;
			containerPortal = C77000000000000000000022 /* Project object */;
			proxyType = 1;
			remoteGlobalIDString = C7700000000000000000001E;
			remoteInfo = Keyboard;
		};
/* End PBXContainerItemProxy section */

/* Begin XCBuildConfiguration section */
		C77000000000000000000026 /* Debug */ = {
			isa = XCBuildConfiguration;
			buildSettings = {
				CLANG_ENABLE_MODULES = YES;
				CLANG_ENABLE_OBJC_ARC = YES;
				ENABLE_STRICT_OBJC_MSGSEND = YES;
				GCC_NO_COMMON_BLOCKS = YES;
				IPHONEOS_DEPLOYMENT_TARGET = 17.0;
				SDKROOT = iphoneos;
				SWIFT_VERSION = 6.0;
				TARGETED_DEVICE_FAMILY = "1,2";
				CURRENT_PROJECT_VERSION = 1;
				MARKETING_VERSION = 1.2.6;
				SWIFT_OPTIMIZATION_LEVEL = "-Onone";
				SWIFT_ACTIVE_COMPILATION_CONDITIONS = DEBUG;
				ONLY_ACTIVE_ARCH = YES;
			};
			name = Debug;
		};
		C77000000000000000000027 /* Debug */ = {
			isa = XCBuildConfiguration;
			buildSettings = {
				ASSETCATALOG_COMPILER_APPICON_NAME = AppIcon;
				CODE_SIGN_STYLE = Automatic;
				GENERATE_INFOPLIST_FILE = NO;
				INFOPLIST_FILE = "ContainerApp/Info.plist";
				PRODUCT_BUNDLE_IDENTIFIER = io.github.polobread.inputmethod.chichi77.ios;
				PRODUCT_NAME = "$(TARGET_NAME)";
				SWIFT_EMIT_LOC_STRINGS = YES;
			};
			name = Debug;
		};
		C77000000000000000000028 /* Debug */ = {
			isa = XCBuildConfiguration;
			buildSettings = {
				CODE_SIGN_STYLE = Automatic;
				GENERATE_INFOPLIST_FILE = NO;
				INFOPLIST_FILE = "Keyboard/Info.plist";
				PRODUCT_BUNDLE_IDENTIFIER = io.github.polobread.inputmethod.chichi77.ios.keyboard;
				PRODUCT_NAME = "$(TARGET_NAME)";
				SKIP_INSTALL = YES;
				SWIFT_EMIT_LOC_STRINGS = YES;
			};
			name = Debug;
		};
		C77000000000000000000029 /* Release */ = {
			isa = XCBuildConfiguration;
			buildSettings = {
				CLANG_ENABLE_MODULES = YES;
				CLANG_ENABLE_OBJC_ARC = YES;
				ENABLE_STRICT_OBJC_MSGSEND = YES;
				GCC_NO_COMMON_BLOCKS = YES;
				IPHONEOS_DEPLOYMENT_TARGET = 17.0;
				SDKROOT = iphoneos;
				SWIFT_VERSION = 6.0;
				TARGETED_DEVICE_FAMILY = "1,2";
				CURRENT_PROJECT_VERSION = 1;
				MARKETING_VERSION = 1.2.6;
				SWIFT_OPTIMIZATION_LEVEL = "-O";
				VALIDATE_PRODUCT = YES;
			};
			name = Release;
		};
		C7700000000000000000002A /* Release */ = {
			isa = XCBuildConfiguration;
			buildSettings = {
				ASSETCATALOG_COMPILER_APPICON_NAME = AppIcon;
				CODE_SIGN_STYLE = Automatic;
				GENERATE_INFOPLIST_FILE = NO;
				INFOPLIST_FILE = "ContainerApp/Info.plist";
				PRODUCT_BUNDLE_IDENTIFIER = io.github.polobread.inputmethod.chichi77.ios;
				PRODUCT_NAME = "$(TARGET_NAME)";
				SWIFT_EMIT_LOC_STRINGS = YES;
			};
			name = Release;
		};
		C7700000000000000000002B /* Release */ = {
			isa = XCBuildConfiguration;
			buildSettings = {
				CODE_SIGN_STYLE = Automatic;
				GENERATE_INFOPLIST_FILE = NO;
				INFOPLIST_FILE = "Keyboard/Info.plist";
				PRODUCT_BUNDLE_IDENTIFIER = io.github.polobread.inputmethod.chichi77.ios.keyboard;
				PRODUCT_NAME = "$(TARGET_NAME)";
				SKIP_INSTALL = YES;
				SWIFT_EMIT_LOC_STRINGS = YES;
			};
			name = Release;
		};
/* End XCBuildConfiguration section */

/* Begin XCConfigurationList section */
		C77000000000000000000023 = {
			isa = XCConfigurationList;
			buildConfigurations = (
				C77000000000000000000026 /* Debug */,
				C77000000000000000000029 /* Release */,
			);
			defaultConfigurationIsVisible = 0;
			defaultConfigurationName = Release;
		};
		C7700000000000000000001B = {
			isa = XCConfigurationList;
			buildConfigurations = (
				C77000000000000000000027 /* Debug */,
				C7700000000000000000002A /* Release */,
			);
			defaultConfigurationIsVisible = 0;
			defaultConfigurationName = Release;
		};
		C7700000000000000000001F = {
			isa = XCConfigurationList;
			buildConfigurations = (
				C77000000000000000000028 /* Debug */,
				C7700000000000000000002B /* Release */,
			);
			defaultConfigurationIsVisible = 0;
			defaultConfigurationName = Release;
		};
/* End XCConfigurationList section */

/* Begin XCLocalSwiftPackageReference section */
		C77000000000000000000024 /* XCLocalSwiftPackageReference "KeyKeyEngine" */ = {
			isa = XCLocalSwiftPackageReference;
			relativePath = KeyKeyEngine;
		};
/* End XCLocalSwiftPackageReference section */

/* Begin XCSwiftPackageProductDependency section */
		C7700000000000000000000C /* KeyKeyEngine */ = {
			isa = XCSwiftPackageProductDependency;
			productName = KeyKeyEngine;
		};
		C7700000000000000000000E /* KeyKeyEngine */ = {
			isa = XCSwiftPackageProductDependency;
			productName = KeyKeyEngine;
		};
/* End XCSwiftPackageProductDependency section */

	};
	rootObject = C77000000000000000000022 /* Project object */;
}
