// !$*UTF8*$!
{
	archiveVersion = 1;
	classes = {
	};
	objectVersion = 60;
	objects = {

/* Begin PBXBuildFile section */
		C77000000000000000000001 /* AppDelegate.swift in Sources */ = {isa = PBXBuildFile; fileRef = C77000000000000000000002 /* AppDelegate.swift */; };
		C77000000000000000000003 /* SetupViewController.swift in Sources */ = {isa = PBXBuildFile; fileRef = C77000000000000000000004 /* SetupViewController.swift */; };
		C77000000000000000000005 /* KeyboardViewController.swift in Sources */ = {isa = PBXBuildFile; fileRef = C77000000000000000000006 /* KeyboardViewController.swift */; };
		C77000000000000000000007 /* KeyKey.db in Resources */ = {isa = PBXBuildFile; fileRef = C77000000000000000000008 /* KeyKey.db */; };
		C77000000000000000000009 /* Keyboard.appex in Embed Foundation Extensions */ = {isa = PBXBuildFile; fileRef = C7700000000000000000000A /* Keyboard.appex */; settings = {ATTRIBUTES = (RemoveHeadersOnCopy, ); }; };
		C7700000000000000000000B /* KeyKeyEngine in Frameworks */ = {isa = PBXBuildFile; productRef = C7700000000000000000000C /* KeyKeyEngine */; };
		C7700000000000000000000D /* KeyKeyEngine in Frameworks */ = {isa = PBXBuildFile; productRef = C7700000000000000000000E /* KeyKeyEngine */; };
		C77000000000000000000031 /* KeyboardView.swift in Sources */ = {isa = PBXBuildFile; fileRef = C77000000000000000000030 /* KeyboardView.swift */; };
		C77000000000000000000035 /* SettingsPanel.swift in Sources */ = {isa = PBXBuildFile; fileRef = C77000000000000000000034 /* SettingsPanel.swift */; };
		C77000000000000000000037 /* Palette.swift in Sources */ = {isa = PBXBuildFile; fileRef = C77000000000000000000036 /* Palette.swift */; };
		C77000000000000000000039 /* EnterGlyph.swift in Sources */ = {isa = PBXBuildFile; fileRef = C77000000000000000000038 /* EnterGlyph.swift */; };
		C7700000000000000000003C /* Assets.xcassets in Resources */ = {isa = PBXBuildFile; fileRef = C7700000000000000000003B /* Assets.xcassets */; };
		C7700000000000000000003E /* PrivacyInfo.xcprivacy in Resources */ = {isa = PBXBuildFile; fileRef = C7700000000000000000003D /* PrivacyInfo.xcprivacy */; };
		C77000000000000000000040 /* PrivacyInfo.xcprivacy in Resources */ = {isa = PBXBuildFile; fileRef = C7700000000000000000003F /* PrivacyInfo.xcprivacy */; };
		C77000000000000000000041 /* KeyKeyUITests.swift in Sources */ = {isa = PBXBuildFile; fileRef = C77000000000000000000042 /* KeyKeyUITests.swift */; };
		C77000000000000000000050 /* Acknowledgements.txt in Resources */ = {isa = PBXBuildFile; fileRef = C77000000000000000000051 /* Acknowledgements.txt */; };
		C77000000000000000000052 /* SupporterStore.swift in Sources */ = {isa = PBXBuildFile; fileRef = C77000000000000000000053 /* SupporterStore.swift */; };
		C77000000000000000000056 /* HardwareKeyboardEditorViewController.swift in Sources */ = {isa = PBXBuildFile; fileRef = C77000000000000000000057 /* HardwareKeyboardEditorViewController.swift */; };
/* End PBXBuildFile section */

/* Begin PBXContainerItemProxy section */
		C77000000000000000000025 /* PBXContainerItemProxy */ = {
			isa = PBXContainerItemProxy;
			containerPortal = C77000000000000000000022 /* Project object */;
			proxyType = 1;
			remoteGlobalIDString = C7700000000000000000001E;
			remoteInfo = Keyboard;
		};
		C7700000000000000000004C /* PBXContainerItemProxy */ = {
			isa = PBXContainerItemProxy;
			containerPortal = C77000000000000000000022 /* Project object */;
			proxyType = 1;
			remoteGlobalIDString = C7700000000000000000001A;
			remoteInfo = "chichi77 KeyKey";
		};
/* End PBXContainerItemProxy section */

/* Begin PBXCopyFilesBuildPhase section */
		C7700000000000000000000F /* Embed Foundation Extensions */ = {
			isa = PBXCopyFilesBuildPhase;
			buildActionMask = 2147483647;
			dstPath = "";
			dstSubfolderSpec = 13;
			files = (
				C77000000000000000000009 /* Keyboard.appex in Embed Foundation Extensions */,
			);
			name = "Embed Foundation Extensions";
			runOnlyForDeploymentPostprocessing = 0;
		};
/* End PBXCopyFilesBuildPhase section */

/* Begin PBXFileReference section */
		C77000000000000000000002 /* AppDelegate.swift */ = {isa = PBXFileReference; lastKnownFileType = sourcecode.swift; path = AppDelegate.swift; sourceTree = "<group>"; };
		C77000000000000000000004 /* SetupViewController.swift */ = {isa = PBXFileReference; lastKnownFileType = sourcecode.swift; path = SetupViewController.swift; sourceTree = "<group>"; };
		C77000000000000000000006 /* KeyboardViewController.swift */ = {isa = PBXFileReference; lastKnownFileType = sourcecode.swift; path = KeyboardViewController.swift; sourceTree = "<group>"; };
		C77000000000000000000008 /* KeyKey.db */ = {isa = PBXFileReference; lastKnownFileType = file; name = KeyKey.db; path = ../../Distributions/Takao/CookedDatabase/KeyKey.db; sourceTree = "<group>"; };
		C7700000000000000000000A /* Keyboard.appex */ = {isa = PBXFileReference; explicitFileType = "wrapper.app-extension"; includeInIndex = 0; path = Keyboard.appex; sourceTree = BUILT_PRODUCTS_DIR; };
		C77000000000000000000010 /* Info.plist */ = {isa = PBXFileReference; lastKnownFileType = text.plist.xml; path = Info.plist; sourceTree = "<group>"; };
		C77000000000000000000011 /* Info.plist */ = {isa = PBXFileReference; lastKnownFileType = text.plist.xml; path = Info.plist; sourceTree = "<group>"; };
		C77000000000000000000012 /* chichi77 KeyKey.app */ = {isa = PBXFileReference; explicitFileType = wrapper.application; includeInIndex = 0; path = "chichi77 KeyKey.app"; sourceTree = BUILT_PRODUCTS_DIR; };
		C77000000000000000000030 /* KeyboardView.swift */ = {isa = PBXFileReference; lastKnownFileType = sourcecode.swift; path = KeyboardView.swift; sourceTree = "<group>"; };
		C77000000000000000000034 /* SettingsPanel.swift */ = {isa = PBXFileReference; lastKnownFileType = sourcecode.swift; path = SettingsPanel.swift; sourceTree = "<group>"; };
		C77000000000000000000036 /* Palette.swift */ = {isa = PBXFileReference; lastKnownFileType = sourcecode.swift; path = Palette.swift; sourceTree = "<group>"; };
		C77000000000000000000038 /* EnterGlyph.swift */ = {isa = PBXFileReference; lastKnownFileType = sourcecode.swift; path = EnterGlyph.swift; sourceTree = "<group>"; };
		C7700000000000000000003B /* Assets.xcassets */ = {isa = PBXFileReference; lastKnownFileType = folder.assetcatalog; path = Assets.xcassets; sourceTree = "<group>"; };
		C7700000000000000000003D /* PrivacyInfo.xcprivacy */ = {isa = PBXFileReference; lastKnownFileType = text.plist.xml; path = PrivacyInfo.xcprivacy; sourceTree = "<group>"; };
		C7700000000000000000003F /* PrivacyInfo.xcprivacy */ = {isa = PBXFileReference; lastKnownFileType = text.plist.xml; path = PrivacyInfo.xcprivacy; sourceTree = "<group>"; };
		C77000000000000000000042 /* KeyKeyUITests.swift */ = {isa = PBXFileReference; lastKnownFileType = sourcecode.swift; path = KeyKeyUITests.swift; sourceTree = "<group>"; };
		C77000000000000000000043 /* KeyKeyUITests.xctest */ = {isa = PBXFileReference; explicitFileType = wrapper.cfbundle; includeInIndex = 0; path = KeyKeyUITests.xctest; sourceTree = BUILT_PRODUCTS_DIR; };
		C77000000000000000000051 /* Acknowledgements.txt */ = {isa = PBXFileReference; lastKnownFileType = text; path = Acknowledgements.txt; sourceTree = "<group>"; };
		C77000000000000000000053 /* SupporterStore.swift */ = {isa = PBXFileReference; lastKnownFileType = sourcecode.swift; path = SupporterStore.swift; sourceTree = "<group>"; };
		C77000000000000000000054 /* KeyKey.entitlements */ = {isa = PBXFileReference; lastKnownFileType = text.plist.entitlements; path = KeyKey.entitlements; sourceTree = "<group>"; };
		C77000000000000000000055 /* Keyboard.entitlements */ = {isa = PBXFileReference; lastKnownFileType = text.plist.entitlements; path = Keyboard.entitlements; sourceTree = "<group>"; };
		C77000000000000000000057 /* HardwareKeyboardEditorViewController.swift */ = {isa = PBXFileReference; lastKnownFileType = sourcecode.swift; path = HardwareKeyboardEditorViewController.swift; sourceTree = "<group>"; };
/* End PBXFileReference section */

/* Begin PBXFrameworksBuildPhase section */
		C77000000000000000000013 /* Frameworks */ = {
			isa = PBXFrameworksBuildPhase;
			buildActionMask = 2147483647;
			files = (
				C7700000000000000000000B /* KeyKeyEngine in Frameworks */,
			);
			runOnlyForDeploymentPostprocessing = 0;
		};
		C77000000000000000000014 /* Frameworks */ = {
			isa = PBXFrameworksBuildPhase;
			buildActionMask = 2147483647;
			files = (
				C7700000000000000000000D /* KeyKeyEngine in Frameworks */,
			);
			runOnlyForDeploymentPostprocessing = 0;
		};
		C77000000000000000000045 /* Frameworks */ = {
			isa = PBXFrameworksBuildPhase;
			buildActionMask = 2147483647;
			files = (
			);
			runOnlyForDeploymentPostprocessing = 0;
		};
/* End PBXFrameworksBuildPhase section */

/* Begin PBXGroup section */
		C77000000000000000000015 = {
			isa = PBXGroup;
			children = (
				C77000000000000000000016 /* ContainerApp */,
				C77000000000000000000017 /* Keyboard */,
				C77000000000000000000044 /* KeyKeyUITests */,
				C77000000000000000000018 /* Databases */,
				C77000000000000000000019 /* Products */,
			);
			sourceTree = "<group>";
		};
		C77000000000000000000016 /* ContainerApp */ = {
			isa = PBXGroup;
			children = (
				C77000000000000000000002 /* AppDelegate.swift */,
				C77000000000000000000004 /* SetupViewController.swift */,
				C77000000000000000000057 /* HardwareKeyboardEditorViewController.swift */,
				C77000000000000000000053 /* SupporterStore.swift */,
				C77000000000000000000010 /* Info.plist */,
				C77000000000000000000054 /* KeyKey.entitlements */,
				C7700000000000000000003B /* Assets.xcassets */,
				C7700000000000000000003D /* PrivacyInfo.xcprivacy */,
				C77000000000000000000051 /* Acknowledgements.txt */,
			);
			path = ContainerApp;
			sourceTree = "<group>";
		};
		C77000000000000000000017 /* Keyboard */ = {
			isa = PBXGroup;
			children = (
				C77000000000000000000030 /* KeyboardView.swift */,
				C77000000000000000000036 /* Palette.swift */,
				C77000000000000000000038 /* EnterGlyph.swift */,
				C77000000000000000000034 /* SettingsPanel.swift */,
				C77000000000000000000006 /* KeyboardViewController.swift */,
				C77000000000000000000011 /* Info.plist */,
				C77000000000000000000055 /* Keyboard.entitlements */,
				C7700000000000000000003F /* PrivacyInfo.xcprivacy */,
			);
			path = Keyboard;
			sourceTree = "<group>";
		};
		C77000000000000000000018 /* Databases */ = {
			isa = PBXGroup;
			children = (
				C77000000000000000000008 /* KeyKey.db */,
			);
			name = Databases;
			sourceTree = "<group>";
		};
		C77000000000000000000019 /* Products */ = {
			isa = PBXGroup;
			children = (
				C77000000000000000000012 /* chichi77 KeyKey.app */,
				C7700000000000000000000A /* Keyboard.appex */,
				C77000000000000000000043 /* KeyKeyUITests.xctest */,
			);
			name = Products;
			sourceTree = "<group>";
		};
		C77000000000000000000044 /* KeyKeyUITests */ = {
			isa = PBXGroup;
			children = (
				C77000000000000000000042 /* KeyKeyUITests.swift */,
			);
			path = KeyKeyUITests;
			sourceTree = "<group>";
		};
/* End PBXGroup section */

/* Begin PBXNativeTarget section */
		C7700000000000000000001A /* chichi77 KeyKey */ = {
			isa = PBXNativeTarget;
			buildConfigurationList = C7700000000000000000001B /* Build configuration list for PBXNativeTarget "chichi77 KeyKey" */;
			buildPhases = (
				C7700000000000000000001C /* Sources */,
				C77000000000000000000013 /* Frameworks */,
				C7700000000000000000003A /* Resources */,
				C7700000000000000000000F /* Embed Foundation Extensions */,
			);
			buildRules = (
			);
			dependencies = (
				C7700000000000000000001D /* PBXTargetDependency */,
			);
			name = "chichi77 KeyKey";
			packageProductDependencies = (
				C7700000000000000000000C /* KeyKeyEngine */,
			);
			productName = "chichi77 KeyKey";
			productReference = C77000000000000000000012 /* chichi77 KeyKey.app */;
			productType = "com.apple.product-type.application";
		};
		C7700000000000000000001E /* Keyboard */ = {
			isa = PBXNativeTarget;
			buildConfigurationList = C7700000000000000000001F /* Build configuration list for PBXNativeTarget "Keyboard" */;
			buildPhases = (
				C77000000000000000000020 /* Sources */,
				C77000000000000000000014 /* Frameworks */,
				C77000000000000000000021 /* Resources */,
			);
			buildRules = (
			);
			dependencies = (
			);
			name = Keyboard;
			packageProductDependencies = (
				C7700000000000000000000E /* KeyKeyEngine */,
			);
			productName = Keyboard;
			productReference = C7700000000000000000000A /* Keyboard.appex */;
			productType = "com.apple.product-type.app-extension";
		};
		C77000000000000000000048 /* KeyKeyUITests */ = {
			isa = PBXNativeTarget;
			buildConfigurationList = C77000000000000000000049 /* Build configuration list for PBXNativeTarget "KeyKeyUITests" */;
			buildPhases = (
				C77000000000000000000047 /* Sources */,
				C77000000000000000000045 /* Frameworks */,
				C77000000000000000000046 /* Resources */,
			);
			buildRules = (
			);
			dependencies = (
				C7700000000000000000004D /* PBXTargetDependency */,
			);
			name = KeyKeyUITests;
			productName = KeyKeyUITests;
			productReference = C77000000000000000000043 /* KeyKeyUITests.xctest */;
			productType = "com.apple.product-type.bundle.ui-testing";
		};
/* End PBXNativeTarget section */

/* Begin PBXProject section */
		C77000000000000000000022 /* Project object */ = {
			isa = PBXProject;
			attributes = {
				BuildIndependentTargetsInParallel = 1;
				LastSwiftUpdateCheck = 2660;
				LastUpgradeCheck = 2660;
				TargetAttributes = {
					C7700000000000000000001A = {
						CreatedOnToolsVersion = 26.6;
						SystemCapabilities = {
							com.apple.ApplicationGroups.iOS = {
								enabled = 1;
							};
						};
					};
					C7700000000000000000001E = {
						CreatedOnToolsVersion = 26.6;
						SystemCapabilities = {
							com.apple.ApplicationGroups.iOS = {
								enabled = 1;
							};
						};
					};
					C77000000000000000000048 = {
						CreatedOnToolsVersion = 26.6;
						TestTargetID = C7700000000000000000001A;
					};
				};
			};
			buildConfigurationList = C77000000000000000000023 /* Build configuration list for PBXProject "KeyKeyiOS" */;
			compatibilityVersion = "Xcode 14.0";
			developmentRegion = zh_TW;
			hasScannedForEncodings = 0;
			knownRegions = (
				zh_TW,
				Base,
			);
			mainGroup = C77000000000000000000015;
			packageReferences = (
				C77000000000000000000024 /* XCLocalSwiftPackageReference "KeyKeyEngine" */,
			);
			productRefGroup = C77000000000000000000019 /* Products */;
			projectDirPath = "";
			projectRoot = "";
			targets = (
				C7700000000000000000001A /* chichi77 KeyKey */,
				C7700000000000000000001E /* Keyboard */,
				C77000000000000000000048 /* KeyKeyUITests */,
			);
		};
/* End PBXProject section */

/* Begin PBXResourcesBuildPhase section */
		C77000000000000000000021 /* Resources */ = {
			isa = PBXResourcesBuildPhase;
			buildActionMask = 2147483647;
			files = (
				C77000000000000000000007 /* KeyKey.db in Resources */,
				C77000000000000000000040 /* PrivacyInfo.xcprivacy in Resources */,
			);
			runOnlyForDeploymentPostprocessing = 0;
		};
		C7700000000000000000003A /* Resources */ = {
			isa = PBXResourcesBuildPhase;
			buildActionMask = 2147483647;
			files = (
				C7700000000000000000003C /* Assets.xcassets in Resources */,
				C7700000000000000000003E /* PrivacyInfo.xcprivacy in Resources */,
				C77000000000000000000050 /* Acknowledgements.txt in Resources */,
			);
			runOnlyForDeploymentPostprocessing = 0;
		};
		C77000000000000000000046 /* Resources */ = {
			isa = PBXResourcesBuildPhase;
			buildActionMask = 2147483647;
			files = (
			);
			runOnlyForDeploymentPostprocessing = 0;
		};
/* End PBXResourcesBuildPhase section */

/* Begin PBXSourcesBuildPhase section */
		C7700000000000000000001C /* Sources */ = {
			isa = PBXSourcesBuildPhase;
			buildActionMask = 2147483647;
			files = (
				C77000000000000000000001 /* AppDelegate.swift in Sources */,
				C77000000000000000000003 /* SetupViewController.swift in Sources */,
				C77000000000000000000056 /* HardwareKeyboardEditorViewController.swift in Sources */,
				C77000000000000000000052 /* SupporterStore.swift in Sources */,
			);
			runOnlyForDeploymentPostprocessing = 0;
		};
		C77000000000000000000020 /* Sources */ = {
			isa = PBXSourcesBuildPhase;
			buildActionMask = 2147483647;
			files = (
				C77000000000000000000005 /* KeyboardViewController.swift in Sources */,
				C77000000000000000000031 /* KeyboardView.swift in Sources */,
				C77000000000000000000037 /* Palette.swift in Sources */,
				C77000000000000000000039 /* EnterGlyph.swift in Sources */,
				C77000000000000000000035 /* SettingsPanel.swift in Sources */,
			);
			runOnlyForDeploymentPostprocessing = 0;
		};
		C77000000000000000000047 /* Sources */ = {
			isa = PBXSourcesBuildPhase;
			buildActionMask = 2147483647;
			files = (
				C77000000000000000000041 /* KeyKeyUITests.swift in Sources */,
			);
			runOnlyForDeploymentPostprocessing = 0;
		};
/* End PBXSourcesBuildPhase section */

/* Begin PBXTargetDependency section */
		C7700000000000000000001D /* PBXTargetDependency */ = {
			isa = PBXTargetDependency;
			target = C7700000000000000000001E /* Keyboard */;
			targetProxy = C77000000000000000000025 /* PBXContainerItemProxy */;
		};
		C7700000000000000000004D /* PBXTargetDependency */ = {
			isa = PBXTargetDependency;
			target = C7700000000000000000001A /* chichi77 KeyKey */;
			targetProxy = C7700000000000000000004C /* PBXContainerItemProxy */;
		};
/* End PBXTargetDependency section */

/* Begin XCBuildConfiguration section */
		C77000000000000000000026 /* Debug */ = {
			isa = XCBuildConfiguration;
			buildSettings = {
				CLANG_ENABLE_MODULES = YES;
				CLANG_ENABLE_OBJC_ARC = YES;
				CURRENT_PROJECT_VERSION = 1;
				ENABLE_STRICT_OBJC_MSGSEND = YES;
				GCC_NO_COMMON_BLOCKS = YES;
				IPHONEOS_DEPLOYMENT_TARGET = 17.0;
				MARKETING_VERSION = 1.2.7;
				ONLY_ACTIVE_ARCH = YES;
				SDKROOT = iphoneos;
				SWIFT_ACTIVE_COMPILATION_CONDITIONS = DEBUG;
				SWIFT_OPTIMIZATION_LEVEL = "-Onone";
				SWIFT_VERSION = 6.0;
				TARGETED_DEVICE_FAMILY = "1,2";
				VERSIONING_SYSTEM = "apple-generic";
			};
			name = Debug;
		};
		C77000000000000000000027 /* Debug */ = {
			isa = XCBuildConfiguration;
			buildSettings = {
				ASSETCATALOG_COMPILER_APPICON_NAME = AppIcon;
				CODE_SIGN_ENTITLEMENTS = ContainerApp/KeyKey.entitlements;
				CODE_SIGN_STYLE = Automatic;
				COPY_PHASE_STRIP = NO;
				DEVELOPMENT_TEAM = SR828N683P;
				GENERATE_INFOPLIST_FILE = NO;
				INFOPLIST_FILE = ContainerApp/Info.plist;
				PRODUCT_BUNDLE_IDENTIFIER = io.github.polobread.inputmethod.chichi77.ios;
				PRODUCT_NAME = "$(TARGET_NAME)";
				SWIFT_EMIT_LOC_STRINGS = YES;
			};
			name = Debug;
		};
		C77000000000000000000028 /* Debug */ = {
			isa = XCBuildConfiguration;
			buildSettings = {
				CODE_SIGN_ENTITLEMENTS = Keyboard/Keyboard.entitlements;
				CODE_SIGN_STYLE = Automatic;
				DEVELOPMENT_TEAM = SR828N683P;
				GENERATE_INFOPLIST_FILE = NO;
				INFOPLIST_FILE = Keyboard/Info.plist;
				PRODUCT_BUNDLE_IDENTIFIER = io.github.polobread.inputmethod.chichi77.ios.keyboard;
				PRODUCT_NAME = "$(TARGET_NAME)";
				SKIP_INSTALL = YES;
				SWIFT_EMIT_LOC_STRINGS = YES;
			};
			name = Debug;
		};
		C77000000000000000000029 /* Release */ = {
			isa = XCBuildConfiguration;
			buildSettings = {
				CLANG_ENABLE_MODULES = YES;
				CLANG_ENABLE_OBJC_ARC = YES;
				CURRENT_PROJECT_VERSION = 1;
				ENABLE_STRICT_OBJC_MSGSEND = YES;
				GCC_NO_COMMON_BLOCKS = YES;
				IPHONEOS_DEPLOYMENT_TARGET = 17.0;
				MARKETING_VERSION = 1.2.7;
				SDKROOT = iphoneos;
				SWIFT_OPTIMIZATION_LEVEL = "-O";
				SWIFT_VERSION = 6.0;
				TARGETED_DEVICE_FAMILY = "1,2";
				VALIDATE_PRODUCT = YES;
				VERSIONING_SYSTEM = "apple-generic";
			};
			name = Release;
		};
		C7700000000000000000002A /* Release */ = {
			isa = XCBuildConfiguration;
			buildSettings = {
				ASSETCATALOG_COMPILER_APPICON_NAME = AppIcon;
				CODE_SIGN_ENTITLEMENTS = ContainerApp/KeyKey.entitlements;
				CODE_SIGN_STYLE = Automatic;
				COPY_PHASE_STRIP = NO;
				DEVELOPMENT_TEAM = SR828N683P;
				GENERATE_INFOPLIST_FILE = NO;
				INFOPLIST_FILE = ContainerApp/Info.plist;
				PRODUCT_BUNDLE_IDENTIFIER = io.github.polobread.inputmethod.chichi77.ios;
				PRODUCT_NAME = "$(TARGET_NAME)";
				SWIFT_EMIT_LOC_STRINGS = YES;
			};
			name = Release;
		};
		C7700000000000000000002B /* Release */ = {
			isa = XCBuildConfiguration;
			buildSettings = {
				CODE_SIGN_ENTITLEMENTS = Keyboard/Keyboard.entitlements;
				CODE_SIGN_STYLE = Automatic;
				DEVELOPMENT_TEAM = SR828N683P;
				GENERATE_INFOPLIST_FILE = NO;
				INFOPLIST_FILE = Keyboard/Info.plist;
				PRODUCT_BUNDLE_IDENTIFIER = io.github.polobread.inputmethod.chichi77.ios.keyboard;
				PRODUCT_NAME = "$(TARGET_NAME)";
				SKIP_INSTALL = YES;
				SWIFT_EMIT_LOC_STRINGS = YES;
			};
			name = Release;
		};
		C7700000000000000000004A /* Debug */ = {
			isa = XCBuildConfiguration;
			buildSettings = {
				CODE_SIGN_STYLE = Automatic;
				GENERATE_INFOPLIST_FILE = YES;
				PRODUCT_BUNDLE_IDENTIFIER = io.github.polobread.inputmethod.chichi77.ios.uitests;
				PRODUCT_NAME = "$(TARGET_NAME)";
				SWIFT_EMIT_LOC_STRINGS = NO;
				TEST_TARGET_NAME = "chichi77 KeyKey";
			};
			name = Debug;
		};
		C7700000000000000000004B /* Release */ = {
			isa = XCBuildConfiguration;
			buildSettings = {
				CODE_SIGN_STYLE = Automatic;
				GENERATE_INFOPLIST_FILE = YES;
				PRODUCT_BUNDLE_IDENTIFIER = io.github.polobread.inputmethod.chichi77.ios.uitests;
				PRODUCT_NAME = "$(TARGET_NAME)";
				SWIFT_EMIT_LOC_STRINGS = NO;
				TEST_TARGET_NAME = "chichi77 KeyKey";
			};
			name = Release;
		};
/* End XCBuildConfiguration section */

/* Begin XCConfigurationList section */
		C7700000000000000000001B /* Build configuration list for PBXNativeTarget "chichi77 KeyKey" */ = {
			isa = XCConfigurationList;
			buildConfigurations = (
				C77000000000000000000027 /* Debug */,
				C7700000000000000000002A /* Release */,
			);
			defaultConfigurationIsVisible = 0;
			defaultConfigurationName = Release;
		};
		C7700000000000000000001F /* Build configuration list for PBXNativeTarget "Keyboard" */ = {
			isa = XCConfigurationList;
			buildConfigurations = (
				C77000000000000000000028 /* Debug */,
				C7700000000000000000002B /* Release */,
			);
			defaultConfigurationIsVisible = 0;
			defaultConfigurationName = Release;
		};
		C77000000000000000000023 /* Build configuration list for PBXProject "KeyKeyiOS" */ = {
			isa = XCConfigurationList;
			buildConfigurations = (
				C77000000000000000000026 /* Debug */,
				C77000000000000000000029 /* Release */,
			);
			defaultConfigurationIsVisible = 0;
			defaultConfigurationName = Release;
		};
		C77000000000000000000049 /* Build configuration list for PBXNativeTarget "KeyKeyUITests" */ = {
			isa = XCConfigurationList;
			buildConfigurations = (
				C7700000000000000000004A /* Debug */,
				C7700000000000000000004B /* Release */,
			);
			defaultConfigurationIsVisible = 0;
			defaultConfigurationName = Release;
		};
/* End XCConfigurationList section */

/* Begin XCLocalSwiftPackageReference section */
		C77000000000000000000024 /* XCLocalSwiftPackageReference "KeyKeyEngine" */ = {
			isa = XCLocalSwiftPackageReference;
			relativePath = KeyKeyEngine;
		};
/* End XCLocalSwiftPackageReference section */

/* Begin XCSwiftPackageProductDependency section */
		C7700000000000000000000C /* KeyKeyEngine */ = {
			isa = XCSwiftPackageProductDependency;
			productName = KeyKeyEngine;
		};
		C7700000000000000000000E /* KeyKeyEngine */ = {
			isa = XCSwiftPackageProductDependency;
			productName = KeyKeyEngine;
		};
/* End XCSwiftPackageProductDependency section */
	};
	rootObject = C77000000000000000000022 /* Project object */;
}
